
Microsoft Visual Studio Solution File, Format Version 12.00
# Visual Studio Version 17
VisualStudioVersion = 17.7.34003.232
MinimumVisualStudioVersion = 10.0.40219.1
Project("{9A19103F-16F7-4668-BE54-9A1E7A4F7556}") = "fundamentos-csharp", "fundamentos-csharp\fundamentos-csharp.csproj", "{C3FC877B-869A-4411-9A04-5E66D4BFB076}"
EndProject
Project("{FAE04EC0-301F-11D3-BF4B-00C04F79EFBC}") = "oop", "oop\oop.csproj", "{C75C901B-3FEE-4A58-A086-CD556588AF6E}"
EndProject
Global
	GlobalSection(SolutionConfigurationPlatforms) = preSolution
		Debug|Any CPU = Debug|Any CPU
		Release|Any CPU = Release|Any CPU
	EndGlobalSection
	GlobalSection(ProjectConfigurationPlatforms) = postSolution
		{C3FC877B-869A-4411-9A04-5E66D4BFB076}.Debug|Any CPU.ActiveCfg = Debug|Any CPU
		{C3FC877B-869A-4411-9A04-5E66D4BFB076}.Debug|Any CPU.Build.0 = Debug|Any CPU
		{C3FC877B-869A-4411-9A04-5E66D4BFB076}.Release|Any CPU.ActiveCfg = Release|Any CPU
		{C3FC877B-869A-4411-9A04-5E66D4BFB076}.Release|Any CPU.Build.0 = Release|Any CPU
		{C75C901B-3FEE-4A58-A086-CD556588AF6E}.Debug|Any CPU.ActiveCfg = Debug|Any CPU
		{C75C901B-3FEE-4A58-A086-CD556588AF6E}.Debug|Any CPU.Build.0 = Debug|Any CPU
		{C75C901B-3FEE-4A58-A086-CD556588AF6E}.Release|Any CPU.ActiveCfg = Release|Any CPU
		{C75C901B-3FEE-4A58-A086-CD556588AF6E}.Release|Any CPU.Build.0 = Release|Any CPU
	EndGlobalSection
	GlobalSection(SolutionProperties) = preSolution
		HideSolutionNode = FALSE
	EndGlobalSection
	GlobalSection(ExtensibilityGlobals) = postSolution
		SolutionGuid = {6B57E7A1-2870-4D6A-BEAC-99E3C5F0916C}
	EndGlobalSection
EndGlobal
